{
  "name": "express-mapper",
  "version": "2.1.0",
  "lockfileVersion": 3,
  "requires": true,
  "packages": {
    "": {
      "name": "express-mapper",
      "version": "2.1.0",
      "license": "ISC",
      "dependencies": {
        "fs": "^0.0.1-security"
      },
      "bin": {
        "create-express-map": "dist/App.js"
      },
      "devDependencies": {
        "@types/node": "^20.4.2"
      }
    },
    "node_modules/@types/node": {
      "version": "20.5.6",
      "resolved": "https://registry.npmjs.org/@types/node/-/node-20.5.6.tgz",
      "integrity": "sha512-Gi5wRGPbbyOTX+4Y2iULQ27oUPrefaB0PxGQJnfyWN3kvEDGM3mIB5M/gQLmitZf7A9FmLeaqxD3L1CXpm3VKQ==",
      "dev": true
    },
    "node_modules/fs": {
      "version": "0.0.1-security",
      "resolved": "https://registry.npmjs.org/fs/-/fs-0.0.1-security.tgz",
      "integrity": "sha512-3XY9e1pP0CVEUCdj5BmfIZxRBTSDycnbqhIOGec9QYtmVH2fbLpj86CFWkrNOkt/Fvty4KZG5lTglL9j/gJ87w=="
    }
  }
}
